
Microsoft Visual Studio Solution File, Format Version 12.00
# Visual Studio Version 16
VisualStudioVersion = 25.0.1700.0
MinimumVisualStudioVersion = 10.0.40219.1
Project("{FAE04EC0-301F-11D3-BF4B-00C04F79EFBC}") = "BloomInventories", "BloomInventories\BloomInventories.csproj", "{318D4CA2-1A93-4C47-9DA7-898EE675A0DE}"
EndProject
Global
	GlobalSection(SolutionConfigurationPlatforms) = preSolution
		Debug|Any CPU = Debug|Any CPU
		Release|Any CPU = Release|Any CPU
	EndGlobalSection
	GlobalSection(ProjectConfigurationPlatforms) = postSolution
		{318D4CA2-1A93-4C47-9DA7-898EE675A0DE}.Debug|Any CPU.ActiveCfg = Debug|Any CPU
		{318D4CA2-1A93-4C47-9DA7-898EE675A0DE}.Debug|Any CPU.Build.0 = Debug|Any CPU
		{318D4CA2-1A93-4C47-9DA7-898EE675A0DE}.Release|Any CPU.ActiveCfg = Release|Any CPU
		{318D4CA2-1A93-4C47-9DA7-898EE675A0DE}.Release|Any CPU.Build.0 = Release|Any CPU
	EndGlobalSection
	GlobalSection(SolutionProperties) = preSolution
		HideSolutionNode = FALSE
	EndGlobalSection
	GlobalSection(ExtensibilityGlobals) = postSolution
		SolutionGuid = {E26AB9A4-DD74-4CD7-BEA3-DCBD2CC695E9}
	EndGlobalSection
EndGlobal
